
Microsoft Visual Studio Solution File, Format Version 12.00
# Visual Studio Version 17
VisualStudioVersion = 17.14.36119.2 d17.14
MinimumVisualStudioVersion = 10.0.40219.1
Project("{FAE04EC0-301F-11D3-BF4B-00C04F79EFBC}") = "SMBigNumbersLab2", "SMBigNumbersLab2.csproj", "{D54692B2-908C-463A-BEA1-E5902F28A981}"
EndProject
Global
	GlobalSection(SolutionConfigurationPlatforms) = preSolution
		Debug|Any CPU = Debug|Any CPU
		Release|Any CPU = Release|Any CPU
	EndGlobalSection
	GlobalSection(ProjectConfigurationPlatforms) = postSolution
		{D54692B2-908C-463A-BEA1-E5902F28A981}.Debug|Any CPU.ActiveCfg = Debug|Any CPU
		{D54692B2-908C-463A-BEA1-E5902F28A981}.Debug|Any CPU.Build.0 = Debug|Any CPU
		{D54692B2-908C-463A-BEA1-E5902F28A981}.Release|Any CPU.ActiveCfg = Release|Any CPU
		{D54692B2-908C-463A-BEA1-E5902F28A981}.Release|Any CPU.Build.0 = Release|Any CPU
	EndGlobalSection
	GlobalSection(SolutionProperties) = preSolution
		HideSolutionNode = FALSE
	EndGlobalSection
	GlobalSection(ExtensibilityGlobals) = postSolution
		SolutionGuid = {8199EFE1-B8BD-41B9-8A00-506F3F8A1AF7}
	EndGlobalSection
EndGlobal
